// !$*UTF8*$!
{
	archiveVersion = 1;
	classes = {
	};
	objectVersion = 46;
	objects = {

/* Begin PBXBuildFile section */
		3BE59AEC1EF308D100A78E98 /* AutoTune.cpp in Sources */ = {isa = PBXBuildFile; fileRef = 3BE59AC81EF308D100A78E98 /* AutoTune.cpp */; };
		3BE59AED1EF308D100A78E98 /* AuxIndexStructures.cpp in Sources */ = {isa = PBXBuildFile; fileRef = 3BE59ACA1EF308D100A78E98 /* AuxIndexStructures.cpp */; };
		3BE59AEE1EF308D100A78E98 /* Clustering.cpp in Sources */ = {isa = PBXBuildFile; fileRef = 3BE59ACC1EF308D100A78E98 /* Clustering.cpp */; };
		3BE59AEF1EF308D100A78E98 /* hamming.cpp in Sources */ = {isa = PBXBuildFile; fileRef = 3BE59AD01EF308D100A78E98 /* hamming.cpp */; };
		3BE59AF01EF308D100A78E98 /* Heap.cpp in Sources */ = {isa = PBXBuildFile; fileRef = 3BE59AD21EF308D100A78E98 /* Heap.cpp */; };
		3BE59AF11EF308D100A78E98 /* index_io.cpp in Sources */ = {isa = PBXBuildFile; fileRef = 3BE59AD41EF308D100A78E98 /* index_io.cpp */; };
		3BE59AF21EF308D100A78E98 /* Index.cpp in Sources */ = {isa = PBXBuildFile; fileRef = 3BE59AD61EF308D100A78E98 /* Index.cpp */; };
		3BE59AF31EF308D100A78E98 /* IndexFlat.cpp in Sources */ = {isa = PBXBuildFile; fileRef = 3BE59AD81EF308D100A78E98 /* IndexFlat.cpp */; };
		3BE59AF41EF308D100A78E98 /* IndexIVF.cpp in Sources */ = {isa = PBXBuildFile; fileRef = 3BE59ADA1EF308D100A78E98 /* IndexIVF.cpp */; };
		3BE59AF51EF308D100A78E98 /* IndexIVFPQ.cpp in Sources */ = {isa = PBXBuildFile; fileRef = 3BE59ADC1EF308D100A78E98 /* IndexIVFPQ.cpp */; };
		3BE59AF61EF308D100A78E98 /* IndexLSH.cpp in Sources */ = {isa = PBXBuildFile; fileRef = 3BE59ADE1EF308D100A78E98 /* IndexLSH.cpp */; };
		3BE59AF71EF308D100A78E98 /* IndexPQ.cpp in Sources */ = {isa = PBXBuildFile; fileRef = 3BE59AE01EF308D100A78E98 /* IndexPQ.cpp */; };
		3BE59AF81EF308D100A78E98 /* MetaIndexes.cpp in Sources */ = {isa = PBXBuildFile; fileRef = 3BE59AE21EF308D100A78E98 /* MetaIndexes.cpp */; };
		3BE59AF91EF308D100A78E98 /* PolysemousTraining.cpp in Sources */ = {isa = PBXBuildFile; fileRef = 3BE59AE41EF308D100A78E98 /* PolysemousTraining.cpp */; };
		3BE59AFA1EF308D100A78E98 /* ProductQuantizer.cpp in Sources */ = {isa = PBXBuildFile; fileRef = 3BE59AE61EF308D100A78E98 /* ProductQuantizer.cpp */; };
		3BE59AFB1EF308D100A78E98 /* utils.cpp in Sources */ = {isa = PBXBuildFile; fileRef = 3BE59AE81EF308D100A78E98 /* utils.cpp */; };
		3BE59AFC1EF308D100A78E98 /* VectorTransform.cpp in Sources */ = {isa = PBXBuildFile; fileRef = 3BE59AEA1EF308D100A78E98 /* VectorTransform.cpp */; };
		3BE59AFF1EF309C600A78E98 /* libopenblasp-r0.2.15.a in Frameworks */ = {isa = PBXBuildFile; fileRef = 3BE59AFE1EF309C600A78E98 /* libopenblasp-r0.2.15.a */; };
		3BE59B091EF30BB000A78E98 /* demo_imi_flat.cpp in Sources */ = {isa = PBXBuildFile; fileRef = 3BE59B041EF30BB000A78E98 /* demo_imi_flat.cpp */; };
		3BE59B0A1EF30BB000A78E98 /* demo_ivfpq_indexing.cpp in Sources */ = {isa = PBXBuildFile; fileRef = 3BE59B051EF30BB000A78E98 /* demo_ivfpq_indexing.cpp */; };
		3BE59B0B1EF30BB000A78E98 /* demo_sift1M.cpp in Sources */ = {isa = PBXBuildFile; fileRef = 3BE59B061EF30BB000A78E98 /* demo_sift1M.cpp */; };
		3BE59B0C1EF30BB000A78E98 /* test_blas.cpp in Sources */ = {isa = PBXBuildFile; fileRef = 3BE59B071EF30BB000A78E98 /* test_blas.cpp */; };
/* End PBXBuildFile section */

/* Begin PBXCopyFilesBuildPhase section */
		3BE59A861EF2FD1500A78E98 /* CopyFiles */ = {
			isa = PBXCopyFilesBuildPhase;
			buildActionMask = 2147483647;
			dstPath = /usr/share/man/man1/;
			dstSubfolderSpec = 0;
			files = (
			);
			runOnlyForDeploymentPostprocessing = 1;
		};
/* End PBXCopyFilesBuildPhase section */

/* Begin PBXFileReference section */
		3BE59A881EF2FD1500A78E98 /* pqsearch */ = {isa = PBXFileReference; explicitFileType = "compiled.mach-o.executable"; includeInIndex = 0; path = pqsearch; sourceTree = BUILT_PRODUCTS_DIR; };
		3BE59AC71EF3087E00A78E98 /* omp.h */ = {isa = PBXFileReference; lastKnownFileType = sourcecode.c.h; path = omp.h; sourceTree = "<group>"; };
		3BE59AC81EF308D100A78E98 /* AutoTune.cpp */ = {isa = PBXFileReference; fileEncoding = 4; lastKnownFileType = sourcecode.cpp.cpp; path = AutoTune.cpp; sourceTree = "<group>"; };
		3BE59AC91EF308D100A78E98 /* AutoTune.h */ = {isa = PBXFileReference; fileEncoding = 4; lastKnownFileType = sourcecode.c.h; path = AutoTune.h; sourceTree = "<group>"; };
		3BE59ACA1EF308D100A78E98 /* AuxIndexStructures.cpp */ = {isa = PBXFileReference; fileEncoding = 4; lastKnownFileType = sourcecode.cpp.cpp; path = AuxIndexStructures.cpp; sourceTree = "<group>"; };
		3BE59ACB1EF308D100A78E98 /* AuxIndexStructures.h */ = {isa = PBXFileReference; fileEncoding = 4; lastKnownFileType = sourcecode.c.h; path = AuxIndexStructures.h; sourceTree = "<group>"; };
		3BE59ACC1EF308D100A78E98 /* Clustering.cpp */ = {isa = PBXFileReference; fileEncoding = 4; lastKnownFileType = sourcecode.cpp.cpp; path = Clustering.cpp; sourceTree = "<group>"; };
		3BE59ACD1EF308D100A78E98 /* Clustering.h */ = {isa = PBXFileReference; fileEncoding = 4; lastKnownFileType = sourcecode.c.h; path = Clustering.h; sourceTree = "<group>"; };
		3BE59ACE1EF308D100A78E98 /* faiss.h */ = {isa = PBXFileReference; fileEncoding = 4; lastKnownFileType = sourcecode.c.h; path = faiss.h; sourceTree = "<group>"; };
		3BE59ACF1EF308D100A78E98 /* FaissAssert.h */ = {isa = PBXFileReference; fileEncoding = 4; lastKnownFileType = sourcecode.c.h; path = FaissAssert.h; sourceTree = "<group>"; };
		3BE59AD01EF308D100A78E98 /* hamming.cpp */ = {isa = PBXFileReference; fileEncoding = 4; lastKnownFileType = sourcecode.cpp.cpp; path = hamming.cpp; sourceTree = "<group>"; };
		3BE59AD11EF308D100A78E98 /* hamming.h */ = {isa = PBXFileReference; fileEncoding = 4; lastKnownFileType = sourcecode.c.h; path = hamming.h; sourceTree = "<group>"; };
		3BE59AD21EF308D100A78E98 /* Heap.cpp */ = {isa = PBXFileReference; fileEncoding = 4; lastKnownFileType = sourcecode.cpp.cpp; path = Heap.cpp; sourceTree = "<group>"; };
		3BE59AD31EF308D100A78E98 /* Heap.h */ = {isa = PBXFileReference; fileEncoding = 4; lastKnownFileType = sourcecode.c.h; path = Heap.h; sourceTree = "<group>"; };
		3BE59AD41EF308D100A78E98 /* index_io.cpp */ = {isa = PBXFileReference; fileEncoding = 4; lastKnownFileType = sourcecode.cpp.cpp; path = index_io.cpp; sourceTree = "<group>"; };
		3BE59AD51EF308D100A78E98 /* index_io.h */ = {isa = PBXFileReference; fileEncoding = 4; lastKnownFileType = sourcecode.c.h; path = index_io.h; sourceTree = "<group>"; };
		3BE59AD61EF308D100A78E98 /* Index.cpp */ = {isa = PBXFileReference; fileEncoding = 4; lastKnownFileType = sourcecode.cpp.cpp; path = Index.cpp; sourceTree = "<group>"; };
		3BE59AD71EF308D100A78E98 /* Index.h */ = {isa = PBXFileReference; fileEncoding = 4; lastKnownFileType = sourcecode.c.h; path = Index.h; sourceTree = "<group>"; };
		3BE59AD81EF308D100A78E98 /* IndexFlat.cpp */ = {isa = PBXFileReference; fileEncoding = 4; lastKnownFileType = sourcecode.cpp.cpp; path = IndexFlat.cpp; sourceTree = "<group>"; };
		3BE59AD91EF308D100A78E98 /* IndexFlat.h */ = {isa = PBXFileReference; fileEncoding = 4; lastKnownFileType = sourcecode.c.h; path = IndexFlat.h; sourceTree = "<group>"; };
		3BE59ADA1EF308D100A78E98 /* IndexIVF.cpp */ = {isa = PBXFileReference; fileEncoding = 4; lastKnownFileType = sourcecode.cpp.cpp; path = IndexIVF.cpp; sourceTree = "<group>"; };
		3BE59ADB1EF308D100A78E98 /* IndexIVF.h */ = {isa = PBXFileReference; fileEncoding = 4; lastKnownFileType = sourcecode.c.h; path = IndexIVF.h; sourceTree = "<group>"; };
		3BE59ADC1EF308D100A78E98 /* IndexIVFPQ.cpp */ = {isa = PBXFileReference; fileEncoding = 4; lastKnownFileType = sourcecode.cpp.cpp; path = IndexIVFPQ.cpp; sourceTree = "<group>"; };
		3BE59ADD1EF308D100A78E98 /* IndexIVFPQ.h */ = {isa = PBXFileReference; fileEncoding = 4; lastKnownFileType = sourcecode.c.h; path = IndexIVFPQ.h; sourceTree = "<group>"; };
		3BE59ADE1EF308D100A78E98 /* IndexLSH.cpp */ = {isa = PBXFileReference; fileEncoding = 4; lastKnownFileType = sourcecode.cpp.cpp; path = IndexLSH.cpp; sourceTree = "<group>"; };
		3BE59ADF1EF308D100A78E98 /* IndexLSH.h */ = {isa = PBXFileReference; fileEncoding = 4; lastKnownFileType = sourcecode.c.h; path = IndexLSH.h; sourceTree = "<group>"; };
		3BE59AE01EF308D100A78E98 /* IndexPQ.cpp */ = {isa = PBXFileReference; fileEncoding = 4; lastKnownFileType = sourcecode.cpp.cpp; path = IndexPQ.cpp; sourceTree = "<group>"; };
		3BE59AE11EF308D100A78E98 /* IndexPQ.h */ = {isa = PBXFileReference; fileEncoding = 4; lastKnownFileType = sourcecode.c.h; path = IndexPQ.h; sourceTree = "<group>"; };
		3BE59AE21EF308D100A78E98 /* MetaIndexes.cpp */ = {isa = PBXFileReference; fileEncoding = 4; lastKnownFileType = sourcecode.cpp.cpp; path = MetaIndexes.cpp; sourceTree = "<group>"; };
		3BE59AE31EF308D100A78E98 /* MetaIndexes.h */ = {isa = PBXFileReference; fileEncoding = 4; lastKnownFileType = sourcecode.c.h; path = MetaIndexes.h; sourceTree = "<group>"; };
		3BE59AE41EF308D100A78E98 /* PolysemousTraining.cpp */ = {isa = PBXFileReference; fileEncoding = 4; lastKnownFileType = sourcecode.cpp.cpp; path = PolysemousTraining.cpp; sourceTree = "<group>"; };
		3BE59AE51EF308D100A78E98 /* PolysemousTraining.h */ = {isa = PBXFileReference; fileEncoding = 4; lastKnownFileType = sourcecode.c.h; path = PolysemousTraining.h; sourceTree = "<group>"; };
		3BE59AE61EF308D100A78E98 /* ProductQuantizer.cpp */ = {isa = PBXFileReference; fileEncoding = 4; lastKnownFileType = sourcecode.cpp.cpp; path = ProductQuantizer.cpp; sourceTree = "<group>"; };
		3BE59AE71EF308D100A78E98 /* ProductQuantizer.h */ = {isa = PBXFileReference; fileEncoding = 4; lastKnownFileType = sourcecode.c.h; path = ProductQuantizer.h; sourceTree = "<group>"; };
		3BE59AE81EF308D100A78E98 /* utils.cpp */ = {isa = PBXFileReference; fileEncoding = 4; lastKnownFileType = sourcecode.cpp.cpp; path = utils.cpp; sourceTree = "<group>"; };
		3BE59AE91EF308D100A78E98 /* utils.h */ = {isa = PBXFileReference; fileEncoding = 4; lastKnownFileType = sourcecode.c.h; path = utils.h; sourceTree = "<group>"; };
		3BE59AEA1EF308D100A78E98 /* VectorTransform.cpp */ = {isa = PBXFileReference; fileEncoding = 4; lastKnownFileType = sourcecode.cpp.cpp; path = VectorTransform.cpp; sourceTree = "<group>"; };
		3BE59AEB1EF308D100A78E98 /* VectorTransform.h */ = {isa = PBXFileReference; fileEncoding = 4; lastKnownFileType = sourcecode.c.h; path = VectorTransform.h; sourceTree = "<group>"; };
		3BE59AFE1EF309C600A78E98 /* libopenblasp-r0.2.15.a */ = {isa = PBXFileReference; lastKnownFileType = archive.ar; name = "libopenblasp-r0.2.15.a"; path = "../../../../../usr/local/Cellar/openblas/0.2.15/lib/libopenblasp-r0.2.15.a"; sourceTree = "<group>"; };
		3BE59B041EF30BB000A78E98 /* demo_imi_flat.cpp */ = {isa = PBXFileReference; fileEncoding = 4; lastKnownFileType = sourcecode.cpp.cpp; name = demo_imi_flat.cpp; path = tests/demo_imi_flat.cpp; sourceTree = "<group>"; };
		3BE59B051EF30BB000A78E98 /* demo_ivfpq_indexing.cpp */ = {isa = PBXFileReference; fileEncoding = 4; lastKnownFileType = sourcecode.cpp.cpp; name = demo_ivfpq_indexing.cpp; path = tests/demo_ivfpq_indexing.cpp; sourceTree = "<group>"; };
		3BE59B061EF30BB000A78E98 /* demo_sift1M.cpp */ = {isa = PBXFileReference; fileEncoding = 4; lastKnownFileType = sourcecode.cpp.cpp; name = demo_sift1M.cpp; path = tests/demo_sift1M.cpp; sourceTree = "<group>"; };
		3BE59B071EF30BB000A78E98 /* test_blas.cpp */ = {isa = PBXFileReference; fileEncoding = 4; lastKnownFileType = sourcecode.cpp.cpp; name = test_blas.cpp; path = tests/test_blas.cpp; sourceTree = "<group>"; };
/* End PBXFileReference section */

/* Begin PBXFrameworksBuildPhase section */
		3BE59A851EF2FD1500A78E98 /* Frameworks */ = {
			isa = PBXFrameworksBuildPhase;
			buildActionMask = 2147483647;
			files = (
				3BE59AFF1EF309C600A78E98 /* libopenblasp-r0.2.15.a in Frameworks */,
			);
			runOnlyForDeploymentPostprocessing = 0;
		};
/* End PBXFrameworksBuildPhase section */

/* Begin PBXGroup section */
		3BE59A7F1EF2FD1500A78E98 = {
			isa = PBXGroup;
			children = (
				3BE59A8A1EF2FD1500A78E98 /* pqsearch */,
				3BE59A891EF2FD1500A78E98 /* Products */,
				3BE59AFD1EF309C600A78E98 /* Frameworks */,
			);
			sourceTree = "<group>";
		};
		3BE59A891EF2FD1500A78E98 /* Products */ = {
			isa = PBXGroup;
			children = (
				3BE59A881EF2FD1500A78E98 /* pqsearch */,
			);
			name = Products;
			sourceTree = "<group>";
		};
		3BE59A8A1EF2FD1500A78E98 /* pqsearch */ = {
			isa = PBXGroup;
			children = (
				3BE59B031EF30BA000A78E98 /* test */,
				3BE59AC81EF308D100A78E98 /* AutoTune.cpp */,
				3BE59AC91EF308D100A78E98 /* AutoTune.h */,
				3BE59ACA1EF308D100A78E98 /* AuxIndexStructures.cpp */,
				3BE59ACB1EF308D100A78E98 /* AuxIndexStructures.h */,
				3BE59ACC1EF308D100A78E98 /* Clustering.cpp */,
				3BE59ACD1EF308D100A78E98 /* Clustering.h */,
				3BE59ACE1EF308D100A78E98 /* faiss.h */,
				3BE59ACF1EF308D100A78E98 /* FaissAssert.h */,
				3BE59AD01EF308D100A78E98 /* hamming.cpp */,
				3BE59AD11EF308D100A78E98 /* hamming.h */,
				3BE59AD21EF308D100A78E98 /* Heap.cpp */,
				3BE59AD31EF308D100A78E98 /* Heap.h */,
				3BE59AD41EF308D100A78E98 /* index_io.cpp */,
				3BE59AD51EF308D100A78E98 /* index_io.h */,
				3BE59AD61EF308D100A78E98 /* Index.cpp */,
				3BE59AD71EF308D100A78E98 /* Index.h */,
				3BE59AD81EF308D100A78E98 /* IndexFlat.cpp */,
				3BE59AD91EF308D100A78E98 /* IndexFlat.h */,
				3BE59ADA1EF308D100A78E98 /* IndexIVF.cpp */,
				3BE59ADB1EF308D100A78E98 /* IndexIVF.h */,
				3BE59ADC1EF308D100A78E98 /* IndexIVFPQ.cpp */,
				3BE59ADD1EF308D100A78E98 /* IndexIVFPQ.h */,
				3BE59ADE1EF308D100A78E98 /* IndexLSH.cpp */,
				3BE59ADF1EF308D100A78E98 /* IndexLSH.h */,
				3BE59AE01EF308D100A78E98 /* IndexPQ.cpp */,
				3BE59AE11EF308D100A78E98 /* IndexPQ.h */,
				3BE59AE21EF308D100A78E98 /* MetaIndexes.cpp */,
				3BE59AE31EF308D100A78E98 /* MetaIndexes.h */,
				3BE59AE41EF308D100A78E98 /* PolysemousTraining.cpp */,
				3BE59AE51EF308D100A78E98 /* PolysemousTraining.h */,
				3BE59AE61EF308D100A78E98 /* ProductQuantizer.cpp */,
				3BE59AE71EF308D100A78E98 /* ProductQuantizer.h */,
				3BE59AE81EF308D100A78E98 /* utils.cpp */,
				3BE59AE91EF308D100A78E98 /* utils.h */,
				3BE59AEA1EF308D100A78E98 /* VectorTransform.cpp */,
				3BE59AEB1EF308D100A78E98 /* VectorTransform.h */,
				3BE59AC71EF3087E00A78E98 /* omp.h */,
			);
			path = pqsearch;
			sourceTree = "<group>";
		};
		3BE59AFD1EF309C600A78E98 /* Frameworks */ = {
			isa = PBXGroup;
			children = (
				3BE59AFE1EF309C600A78E98 /* libopenblasp-r0.2.15.a */,
			);
			name = Frameworks;
			sourceTree = "<group>";
		};
		3BE59B031EF30BA000A78E98 /* test */ = {
			isa = PBXGroup;
			children = (
				3BE59B041EF30BB000A78E98 /* demo_imi_flat.cpp */,
				3BE59B051EF30BB000A78E98 /* demo_ivfpq_indexing.cpp */,
				3BE59B061EF30BB000A78E98 /* demo_sift1M.cpp */,
				3BE59B071EF30BB000A78E98 /* test_blas.cpp */,
			);
			name = test;
			sourceTree = "<group>";
		};
/* End PBXGroup section */

/* Begin PBXNativeTarget section */
		3BE59A871EF2FD1500A78E98 /* pqsearch */ = {
			isa = PBXNativeTarget;
			buildConfigurationList = 3BE59A8F1EF2FD1500A78E98 /* Build configuration list for PBXNativeTarget "pqsearch" */;
			buildPhases = (
				3BE59A841EF2FD1500A78E98 /* Sources */,
				3BE59A851EF2FD1500A78E98 /* Frameworks */,
				3BE59A861EF2FD1500A78E98 /* CopyFiles */,
			);
			buildRules = (
			);
			dependencies = (
			);
			name = pqsearch;
			productName = pqsearch;
			productReference = 3BE59A881EF2FD1500A78E98 /* pqsearch */;
			productType = "com.apple.product-type.tool";
		};
/* End PBXNativeTarget section */

/* Begin PBXProject section */
		3BE59A801EF2FD1500A78E98 /* Project object */ = {
			isa = PBXProject;
			attributes = {
				LastUpgradeCheck = 0830;
				ORGANIZATIONNAME = wuminhui;
				TargetAttributes = {
					3BE59A871EF2FD1500A78E98 = {
						CreatedOnToolsVersion = 8.3.3;
						DevelopmentTeam = 99BH65ZR59;
						ProvisioningStyle = Automatic;
					};
				};
			};
			buildConfigurationList = 3BE59A831EF2FD1500A78E98 /* Build configuration list for PBXProject "pqsearch" */;
			compatibilityVersion = "Xcode 3.2";
			developmentRegion = English;
			hasScannedForEncodings = 0;
			knownRegions = (
				en,
			);
			mainGroup = 3BE59A7F1EF2FD1500A78E98;
			productRefGroup = 3BE59A891EF2FD1500A78E98 /* Products */;
			projectDirPath = "";
			projectRoot = "";
			targets = (
				3BE59A871EF2FD1500A78E98 /* pqsearch */,
			);
		};
/* End PBXProject section */

/* Begin PBXSourcesBuildPhase section */
		3BE59A841EF2FD1500A78E98 /* Sources */ = {
			isa = PBXSourcesBuildPhase;
			buildActionMask = 2147483647;
			files = (
				3BE59AF71EF308D100A78E98 /* IndexPQ.cpp in Sources */,
				3BE59AFB1EF308D100A78E98 /* utils.cpp in Sources */,
				3BE59AF11EF308D100A78E98 /* index_io.cpp in Sources */,
				3BE59AEF1EF308D100A78E98 /* hamming.cpp in Sources */,
				3BE59B0B1EF30BB000A78E98 /* demo_sift1M.cpp in Sources */,
				3BE59AF21EF308D100A78E98 /* Index.cpp in Sources */,
				3BE59AEC1EF308D100A78E98 /* AutoTune.cpp in Sources */,
				3BE59AF81EF308D100A78E98 /* MetaIndexes.cpp in Sources */,
				3BE59AF61EF308D100A78E98 /* IndexLSH.cpp in Sources */,
				3BE59B0A1EF30BB000A78E98 /* demo_ivfpq_indexing.cpp in Sources */,
				3BE59AF51EF308D100A78E98 /* IndexIVFPQ.cpp in Sources */,
				3BE59B0C1EF30BB000A78E98 /* test_blas.cpp in Sources */,
				3BE59AFA1EF308D100A78E98 /* ProductQuantizer.cpp in Sources */,
				3BE59AF31EF308D100A78E98 /* IndexFlat.cpp in Sources */,
				3BE59B091EF30BB000A78E98 /* demo_imi_flat.cpp in Sources */,
				3BE59AF91EF308D100A78E98 /* PolysemousTraining.cpp in Sources */,
				3BE59AF41EF308D100A78E98 /* IndexIVF.cpp in Sources */,
				3BE59AF01EF308D100A78E98 /* Heap.cpp in Sources */,
				3BE59AFC1EF308D100A78E98 /* VectorTransform.cpp in Sources */,
				3BE59AED1EF308D100A78E98 /* AuxIndexStructures.cpp in Sources */,
				3BE59AEE1EF308D100A78E98 /* Clustering.cpp in Sources */,
			);
			runOnlyForDeploymentPostprocessing = 0;
		};
/* End PBXSourcesBuildPhase section */

/* Begin XCBuildConfiguration section */
		3BE59A8D1EF2FD1500A78E98 /* Debug */ = {
			isa = XCBuildConfiguration;
			buildSettings = {
				ALWAYS_SEARCH_USER_PATHS = NO;
				CLANG_ANALYZER_NONNULL = YES;
				CLANG_ANALYZER_NUMBER_OBJECT_CONVERSION = YES_AGGRESSIVE;
				CLANG_CXX_LANGUAGE_STANDARD = "gnu++0x";
				CLANG_CXX_LIBRARY = "libc++";
				CLANG_ENABLE_MODULES = YES;
				CLANG_ENABLE_OBJC_ARC = YES;
				CLANG_WARN_BOOL_CONVERSION = YES;
				CLANG_WARN_CONSTANT_CONVERSION = YES;
				CLANG_WARN_DIRECT_OBJC_ISA_USAGE = YES_ERROR;
				CLANG_WARN_DOCUMENTATION_COMMENTS = YES;
				CLANG_WARN_EMPTY_BODY = YES;
				CLANG_WARN_ENUM_CONVERSION = YES;
				CLANG_WARN_INFINITE_RECURSION = YES;
				CLANG_WARN_INT_CONVERSION = YES;
				CLANG_WARN_OBJC_ROOT_CLASS = YES_ERROR;
				CLANG_WARN_SUSPICIOUS_MOVE = YES;
				CLANG_WARN_UNREACHABLE_CODE = YES;
				CLANG_WARN__DUPLICATE_METHOD_MATCH = YES;
				CODE_SIGN_IDENTITY = "-";
				COPY_PHASE_STRIP = NO;
				DEBUG_INFORMATION_FORMAT = dwarf;
				ENABLE_STRICT_OBJC_MSGSEND = YES;
				ENABLE_TESTABILITY = YES;
				GCC_C_LANGUAGE_STANDARD = gnu99;
				GCC_DYNAMIC_NO_PIC = NO;
				GCC_NO_COMMON_BLOCKS = YES;
				GCC_OPTIMIZATION_LEVEL = 0;
				GCC_PREPROCESSOR_DEFINITIONS = (
					"DEBUG=1",
					"$(inherited)",
				);
				GCC_WARN_64_TO_32_BIT_CONVERSION = YES;
				GCC_WARN_ABOUT_RETURN_TYPE = YES_ERROR;
				GCC_WARN_UNDECLARED_SELECTOR = YES;
				GCC_WARN_UNINITIALIZED_AUTOS = YES_AGGRESSIVE;
				GCC_WARN_UNUSED_FUNCTION = YES;
				GCC_WARN_UNUSED_VARIABLE = YES;
				MACOSX_DEPLOYMENT_TARGET = 10.12;
				MTL_ENABLE_DEBUG_INFO = YES;
				ONLY_ACTIVE_ARCH = YES;
				SDKROOT = macosx;
			};
			name = Debug;
		};
		3BE59A8E1EF2FD1500A78E98 /* Release */ = {
			isa = XCBuildConfiguration;
			buildSettings = {
				ALWAYS_SEARCH_USER_PATHS = NO;
				CLANG_ANALYZER_NONNULL = YES;
				CLANG_ANALYZER_NUMBER_OBJECT_CONVERSION = YES_AGGRESSIVE;
				CLANG_CXX_LANGUAGE_STANDARD = "gnu++0x";
				CLANG_CXX_LIBRARY = "libc++";
				CLANG_ENABLE_MODULES = YES;
				CLANG_ENABLE_OBJC_ARC = YES;
				CLANG_WARN_BOOL_CONVERSION = YES;
				CLANG_WARN_CONSTANT_CONVERSION = YES;
				CLANG_WARN_DIRECT_OBJC_ISA_USAGE = YES_ERROR;
				CLANG_WARN_DOCUMENTATION_COMMENTS = YES;
				CLANG_WARN_EMPTY_BODY = YES;
				CLANG_WARN_ENUM_CONVERSION = YES;
				CLANG_WARN_INFINITE_RECURSION = YES;
				CLANG_WARN_INT_CONVERSION = YES;
				CLANG_WARN_OBJC_ROOT_CLASS = YES_ERROR;
				CLANG_WARN_SUSPICIOUS_MOVE = YES;
				CLANG_WARN_UNREACHABLE_CODE = YES;
				CLANG_WARN__DUPLICATE_METHOD_MATCH = YES;
				CODE_SIGN_IDENTITY = "-";
				COPY_PHASE_STRIP = NO;
				DEBUG_INFORMATION_FORMAT = "dwarf-with-dsym";
				ENABLE_NS_ASSERTIONS = NO;
				ENABLE_STRICT_OBJC_MSGSEND = YES;
				GCC_C_LANGUAGE_STANDARD = gnu99;
				GCC_NO_COMMON_BLOCKS = YES;
				GCC_WARN_64_TO_32_BIT_CONVERSION = YES;
				GCC_WARN_ABOUT_RETURN_TYPE = YES_ERROR;
				GCC_WARN_UNDECLARED_SELECTOR = YES;
				GCC_WARN_UNINITIALIZED_AUTOS = YES_AGGRESSIVE;
				GCC_WARN_UNUSED_FUNCTION = YES;
				GCC_WARN_UNUSED_VARIABLE = YES;
				MACOSX_DEPLOYMENT_TARGET = 10.12;
				MTL_ENABLE_DEBUG_INFO = NO;
				SDKROOT = macosx;
			};
			name = Release;
		};
		3BE59A901EF2FD1500A78E98 /* Debug */ = {
			isa = XCBuildConfiguration;
			buildSettings = {
				DEVELOPMENT_TEAM = 99BH65ZR59;
				HEADER_SEARCH_PATHS = /usr/local/Cellar/openblas/0.2.15/include;
				LIBRARY_SEARCH_PATHS = (
					"$(inherited)",
					/usr/local/Cellar/openblas/0.2.15/lib,
				);
				PRODUCT_NAME = "$(TARGET_NAME)";
			};
			name = Debug;
		};
		3BE59A911EF2FD1500A78E98 /* Release */ = {
			isa = XCBuildConfiguration;
			buildSettings = {
				DEVELOPMENT_TEAM = 99BH65ZR59;
				HEADER_SEARCH_PATHS = /usr/local/Cellar/openblas/0.2.15/include;
				LIBRARY_SEARCH_PATHS = (
					"$(inherited)",
					/usr/local/Cellar/openblas/0.2.15/lib,
				);
				PRODUCT_NAME = "$(TARGET_NAME)";
			};
			name = Release;
		};
/* End XCBuildConfiguration section */

/* Begin XCConfigurationList section */
		3BE59A831EF2FD1500A78E98 /* Build configuration list for PBXProject "pqsearch" */ = {
			isa = XCConfigurationList;
			buildConfigurations = (
				3BE59A8D1EF2FD1500A78E98 /* Debug */,
				3BE59A8E1EF2FD1500A78E98 /* Release */,
			);
			defaultConfigurationIsVisible = 0;
			defaultConfigurationName = Release;
		};
		3BE59A8F1EF2FD1500A78E98 /* Build configuration list for PBXNativeTarget "pqsearch" */ = {
			isa = XCConfigurationList;
			buildConfigurations = (
				3BE59A901EF2FD1500A78E98 /* Debug */,
				3BE59A911EF2FD1500A78E98 /* Release */,
			);
			defaultConfigurationIsVisible = 0;
		};
/* End XCConfigurationList section */
	};
	rootObject = 3BE59A801EF2FD1500A78E98 /* Project object */;
}
